PODS:
  - DKPhotoGallery (0.0.16):
    - DKPhotoGallery/Core (= 0.0.16)
    - DKPhotoGallery/Model (= 0.0.16)
    - DKPhotoGallery/Preview (= 0.0.16)
    - DKPhotoGallery/Resource (= 0.0.16)
    - SDWebImage
    - SwiftyGif
  - DKPhotoGallery/Core (0.0.16):
    - DKPhotoGallery/Model
    - DKPhotoGallery/Preview
    - SDWebImage
    - SwiftyGif
  - DKPhotoGallery/Model (0.0.16):
    - SDWebImage
    - SwiftyGif
  - DKPhotoGallery/Preview (0.0.16):
    - DKPhotoGallery/Model
    - DKPhotoGallery/Resource
    - SDWebImage
    - SwiftyGif
  - DKPhotoGallery/Resource (0.0.16):
    - SDWebImage
    - SwiftyGif
  - SDWebImage (5.12.1):
    - SDWebImage/Core (= 5.12.1)
  - SDWebImage/Core (5.12.1)
  - SwiftyGif (5.4.1)

DEPENDENCIES:
  - DKPhotoGallery (from `../`)

SPEC REPOS:
  trunk:
    - SDWebImage
    - SwiftyGif

EXTERNAL SOURCES:
  DKPhotoGallery:
    :path: "../"

SPEC CHECKSUMS:
  DKPhotoGallery: 1a594b53aca51f5def7ba70666632a4276b7e770
  SDWebImage: 4dc3e42d9ec0c1028b960a33ac6b637bb432207b
  SwiftyGif: 6895c887f5551618a3c5dd3ecb512419105bacca

PODFILE CHECKSUM: a473ad59ee5f797d3db4f4e5c10e3addc401c09b

COCOAPODS: 1.11.2
