PODS:
  - DKPhotoGallery (0.0.16):
    - DKPhotoGallery/Core (= 0.0.16)
    - DKPhotoGallery/Model (= 0.0.16)
    - DKPhotoGallery/Preview (= 0.0.16)
    - DKPhotoGallery/Resource (= 0.0.16)
    - SDWebImage
    - SwiftyGif
  - DKPhotoGallery/Core (0.0.16):
    - DKPhotoGallery/Model
    - DKPhotoGallery/Preview
    - SDWebImage
    - SwiftyGif
  - DKPhotoGallery/Model (0.0.16):
    - SDWebImage
    - SwiftyGif
  - DKPhotoGallery/Preview (0.0.16):
    - DKPhotoGallery/Model
    - DKPhotoGallery/Resource
    - SDWebImage
    - SwiftyGif
  - DKPhotoGallery/Resource (0.0.16):
    - SDWebImage
    - SwiftyGif
  - SDWebImage (5.12.2):
    - SDWebImage/Core (= 5.12.2)
  - SDWebImage/Core (5.12.2)
  - SwiftyGif (5.4.2)

DEPENDENCIES:
  - DKPhotoGallery (from `../`)

SPEC REPOS:
  trunk:
    - SDWebImage
    - SwiftyGif

EXTERNAL SOURCES:
  DKPhotoGallery:
    :path: "../"

SPEC CHECKSUMS:
  DKPhotoGallery: 1a594b53aca51f5def7ba70666632a4276b7e770
  SDWebImage: 240e5c12b592fb1268c1d03b8c90d90e8c2ffe82
  SwiftyGif: dec758a9dd3d278e5a855dbf279bf062c923c387

PODFILE CHECKSUM: a473ad59ee5f797d3db4f4e5c10e3addc401c09b

COCOAPODS: 1.11.2
